
Microsoft Visual Studio Solution File, Format Version 12.00
# Visual Studio Version 17
VisualStudioVersion = 17.0.31903.59
MinimumVisualStudioVersion = 10.0.40219.1
Project("{F2A71F9B-5D33-465A-A702-920D77279786}") = "FsPekko.Actor", "FsPekko.Actor\FsPekko.Actor.fsproj", "{7E3CFACE-AC1C-4BF0-ACCA-39295E0AE666}"
EndProject
Project("{F2A71F9B-5D33-465A-A702-920D77279786}") = "FsPekko.Actor.Tests", "FsPekko.Actor.Tests\FsPekko.Actor.Tests.fsproj", "{BFD6F8CC-E0A8-42CD-9623-78C7F243AB7A}"
EndProject
Global
	GlobalSection(SolutionConfigurationPlatforms) = preSolution
		Debug|Any CPU = Debug|Any CPU
		Release|Any CPU = Release|Any CPU
	EndGlobalSection
	GlobalSection(SolutionProperties) = preSolution
		HideSolutionNode = FALSE
	EndGlobalSection
	GlobalSection(ProjectConfigurationPlatforms) = postSolution
		{7E3CFACE-AC1C-4BF0-ACCA-39295E0AE666}.Debug|Any CPU.ActiveCfg = Debug|Any CPU
		{7E3CFACE-AC1C-4BF0-ACCA-39295E0AE666}.Debug|Any CPU.Build.0 = Debug|Any CPU
		{7E3CFACE-AC1C-4BF0-ACCA-39295E0AE666}.Release|Any CPU.ActiveCfg = Release|Any CPU
		{7E3CFACE-AC1C-4BF0-ACCA-39295E0AE666}.Release|Any CPU.Build.0 = Release|Any CPU
		{BFD6F8CC-E0A8-42CD-9623-78C7F243AB7A}.Debug|Any CPU.ActiveCfg = Debug|Any CPU
		{BFD6F8CC-E0A8-42CD-9623-78C7F243AB7A}.Debug|Any CPU.Build.0 = Debug|Any CPU
		{BFD6F8CC-E0A8-42CD-9623-78C7F243AB7A}.Release|Any CPU.ActiveCfg = Release|Any CPU
		{BFD6F8CC-E0A8-42CD-9623-78C7F243AB7A}.Release|Any CPU.Build.0 = Release|Any CPU
	EndGlobalSection
EndGlobal
